
Microsoft Visual Studio Solution File, Format Version 12.00
# Visual Studio 14
VisualStudioVersion = 14.0.23107.0
MinimumVisualStudioVersion = 10.0.40219.1
Project("{FAE04EC0-301F-11D3-BF4B-00C04F79EFBC}") = "HashBuilder", "HashBuilder\HashBuilder.csproj", "{1D4D6FC9-9EE4-44CD-A9C4-50AFB1344FA3}"
EndProject
Global
	GlobalSection(SolutionConfigurationPlatforms) = preSolution
		Debug|Any CPU = Debug|Any CPU
		Release|Any CPU = Release|Any CPU
	EndGlobalSection
	GlobalSection(ProjectConfigurationPlatforms) = postSolution
		{1D4D6FC9-9EE4-44CD-A9C4-50AFB1344FA3}.Debug|Any CPU.ActiveCfg = Debug|Any CPU
		{1D4D6FC9-9EE4-44CD-A9C4-50AFB1344FA3}.Debug|Any CPU.Build.0 = Debug|Any CPU
		{1D4D6FC9-9EE4-44CD-A9C4-50AFB1344FA3}.Release|Any CPU.ActiveCfg = Release|Any CPU
		{1D4D6FC9-9EE4-44CD-A9C4-50AFB1344FA3}.Release|Any CPU.Build.0 = Release|Any CPU
	EndGlobalSection
	GlobalSection(SolutionProperties) = preSolution
		HideSolutionNode = FALSE
	EndGlobalSection
EndGlobal
