
Microsoft Visual Studio Solution File, Format Version 11.00
# Visual Studio 2010
Project("{FAE04EC0-301F-11D3-BF4B-00C04F79EFBC}") = "CrackerJac", "CrackerJac\CrackerJac.csproj", "{C428E427-8132-4B8A-B8DE-14F0EAB6DB94}"
EndProject
Global
	GlobalSection(SolutionConfigurationPlatforms) = preSolution
		Debug|x86 = Debug|x86
		Release|x86 = Release|x86
	EndGlobalSection
	GlobalSection(ProjectConfigurationPlatforms) = postSolution
		{C428E427-8132-4B8A-B8DE-14F0EAB6DB94}.Debug|x86.ActiveCfg = Debug|x86
		{C428E427-8132-4B8A-B8DE-14F0EAB6DB94}.Debug|x86.Build.0 = Debug|x86
		{C428E427-8132-4B8A-B8DE-14F0EAB6DB94}.Release|x86.ActiveCfg = Release|x86
		{C428E427-8132-4B8A-B8DE-14F0EAB6DB94}.Release|x86.Build.0 = Release|x86
	EndGlobalSection
	GlobalSection(MonoDevelopProperties) = preSolution
		StartupItem = CrackerJac\CrackerJac.csproj
	EndGlobalSection
EndGlobal
